Microsoft Visual Studio Solution File, Format Version 12.00
# Visual Studio Version 17
VisualStudioVersion = 17.5.2.0
MinimumVisualStudioVersion = 10.0.40219.1
Project("{FAE04EC0-301F-11D3-BF4B-00C04F79EFBC}") = "AMST5_MVC_Login", "AMST5_MVC_Login.csproj", "{1838ED97-BD3C-8481-82F6-651B179601BD}"
EndProject
Global
	GlobalSection(SolutionConfigurationPlatforms) = preSolution
		Debug|Any CPU = Debug|Any CPU
		Release|Any CPU = Release|Any CPU
	EndGlobalSection
	GlobalSection(ProjectConfigurationPlatforms) = postSolution
		{1838ED97-BD3C-8481-82F6-651B179601BD}.Debug|Any CPU.ActiveCfg = Debug|Any CPU
		{1838ED97-BD3C-8481-82F6-651B179601BD}.Debug|Any CPU.Build.0 = Debug|Any CPU
		{1838ED97-BD3C-8481-82F6-651B179601BD}.Release|Any CPU.ActiveCfg = Release|Any CPU
		{1838ED97-BD3C-8481-82F6-651B179601BD}.Release|Any CPU.Build.0 = Release|Any CPU
	EndGlobalSection
	GlobalSection(SolutionProperties) = preSolution
		HideSolutionNode = FALSE
	EndGlobalSection
	GlobalSection(ExtensibilityGlobals) = postSolution
		SolutionGuid = {C7C72F7F-28E4-400E-B91D-1FEB8EF47E1E}
	EndGlobalSection
EndGlobal
